version = 1
revision = 3
requires-python = ">=3.12"

[manifest]
members = [
    "ingestion-service",
    "rootcauseai",
]

[[package]]
name = "ingestion-service"
version = "0.1.0"
source = { virtual = "ingestion_service" }

[[package]]
name = "rootcauseai"
version = "0.1.0"
source = { virtual = "." }
